
Microsoft Visual Studio Solution File, Format Version 12.00
# Visual Studio Version 16
VisualStudioVersion = 16.0.29025.244
MinimumVisualStudioVersion = 10.0.40219.1
Project("{FAE04EC0-301F-11D3-BF4B-00C04F79EFBC}") = "Exam_Test", "Exam_Test\Exam_Test.csproj", "{BF3E36B7-D91C-4499-8687-E62EE438278D}"
EndProject
Global
	GlobalSection(SolutionConfigurationPlatforms) = preSolution
		Debug|Any CPU = Debug|Any CPU
		Release|Any CPU = Release|Any CPU
	EndGlobalSection
	GlobalSection(ProjectConfigurationPlatforms) = postSolution
		{BF3E36B7-D91C-4499-8687-E62EE438278D}.Debug|Any CPU.ActiveCfg = Debug|Any CPU
		{BF3E36B7-D91C-4499-8687-E62EE438278D}.Debug|Any CPU.Build.0 = Debug|Any CPU
		{BF3E36B7-D91C-4499-8687-E62EE438278D}.Release|Any CPU.ActiveCfg = Release|Any CPU
		{BF3E36B7-D91C-4499-8687-E62EE438278D}.Release|Any CPU.Build.0 = Release|Any CPU
	EndGlobalSection
	GlobalSection(SolutionProperties) = preSolution
		HideSolutionNode = FALSE
	EndGlobalSection
	GlobalSection(ExtensibilityGlobals) = postSolution
		SolutionGuid = {42C91F3B-0926-4601-A1D3-1F775E724AD3}
	EndGlobalSection
EndGlobal
